// !$*UTF8*$!
{
	archiveVersion = 1;
	classes = {
	};
	objectVersion = 46;
	objects = {

/* Begin PBXBuildFile section */
		CF0317421E6E7C780097F025 /* main.m in Sources */ = {isa = PBXBuildFile; fileRef = CF0317411E6E7C780097F025 /* main.m */; };
		CF0317451E6E7C780097F025 /* AppDelegate.m in Sources */ = {isa = PBXBuildFile; fileRef = CF0317441E6E7C780097F025 /* AppDelegate.m */; };
		CF0317481E6E7C780097F025 /* ViewController.m in Sources */ = {isa = PBXBuildFile; fileRef = CF0317471E6E7C780097F025 /* ViewController.m */; };
		CF03174B1E6E7C790097F025 /* Main.storyboard in Resources */ = {isa = PBXBuildFile; fileRef = CF0317491E6E7C790097F025 /* Main.storyboard */; };
		CF03174D1E6E7C790097F025 /* Assets.xcassets in Resources */ = {isa = PBXBuildFile; fileRef = CF03174C1E6E7C790097F025 /* Assets.xcassets */; };
		CF0317501E6E7C790097F025 /* LaunchScreen.storyboard in Resources */ = {isa = PBXBuildFile; fileRef = CF03174E1E6E7C790097F025 /* LaunchScreen.storyboard */; };
		CF03175A1E6E7D3B0097F025 /* DDTableViewCell.m in Sources */ = {isa = PBXBuildFile; fileRef = CF0317581E6E7D3B0097F025 /* DDTableViewCell.m */; };
		CF03175B1E6E7D3B0097F025 /* DDTableViewCell.xib in Resources */ = {isa = PBXBuildFile; fileRef = CF0317591E6E7D3B0097F025 /* DDTableViewCell.xib */; };
/* End PBXBuildFile section */

/* Begin PBXFileReference section */
		CF03173D1E6E7C780097F025 /* UITableView键盘滚动.app */ = {isa = PBXFileReference; explicitFileType = wrapper.application; includeInIndex = 0; path = "UITableView键盘滚动.app"; sourceTree = BUILT_PRODUCTS_DIR; };
		CF0317411E6E7C780097F025 /* main.m */ = {isa = PBXFileReference; lastKnownFileType = sourcecode.c.objc; path = main.m; sourceTree = "<group>"; };
		CF0317431E6E7C780097F025 /* AppDelegate.h */ = {isa = PBXFileReference; lastKnownFileType = sourcecode.c.h; path = AppDelegate.h; sourceTree = "<group>"; };
		CF0317441E6E7C780097F025 /* AppDelegate.m */ = {isa = PBXFileReference; lastKnownFileType = sourcecode.c.objc; path = AppDelegate.m; sourceTree = "<group>"; };
		CF0317461E6E7C780097F025 /* ViewController.h */ = {isa = PBXFileReference; lastKnownFileType = sourcecode.c.h; path = ViewController.h; sourceTree = "<group>"; };
		CF0317471E6E7C780097F025 /* ViewController.m */ = {isa = PBXFileReference; lastKnownFileType = sourcecode.c.objc; path = ViewController.m; sourceTree = "<group>"; };
		CF03174A1E6E7C790097F025 /* Base */ = {isa = PBXFileReference; lastKnownFileType = file.storyboard; name = Base; path = Base.lproj/Main.storyboard; sourceTree = "<group>"; };
		CF03174C1E6E7C790097F025 /* Assets.xcassets */ = {isa = PBXFileReference; lastKnownFileType = folder.assetcatalog; path = Assets.xcassets; sourceTree = "<group>"; };
		CF03174F1E6E7C790097F025 /* Base */ = {isa = PBXFileReference; lastKnownFileType = file.storyboard; name = Base; path = Base.lproj/LaunchScreen.storyboard; sourceTree = "<group>"; };
		CF0317511E6E7C790097F025 /* Info.plist */ = {isa = PBXFileReference; lastKnownFileType = text.plist.xml; path = Info.plist; sourceTree = "<group>"; };
		CF0317571E6E7D3B0097F025 /* DDTableViewCell.h */ = {isa = PBXFileReference; fileEncoding = 4; lastKnownFileType = sourcecode.c.h; path = DDTableViewCell.h; sourceTree = "<group>"; };
		CF0317581E6E7D3B0097F025 /* DDTableViewCell.m */ = {isa = PBXFileReference; fileEncoding = 4; lastKnownFileType = sourcecode.c.objc; path = DDTableViewCell.m; sourceTree = "<group>"; };
		CF0317591E6E7D3B0097F025 /* DDTableViewCell.xib */ = {isa = PBXFileReference; fileEncoding = 4; lastKnownFileType = file.xib; path = DDTableViewCell.xib; sourceTree = "<group>"; };
/* End PBXFileReference section */

/* Begin PBXFrameworksBuildPhase section */
		CF03173A1E6E7C770097F025 /* Frameworks */ = {
			isa = PBXFrameworksBuildPhase;
			buildActionMask = 2147483647;
			files = (
			);
			runOnlyForDeploymentPostprocessing = 0;
		};
/* End PBXFrameworksBuildPhase section */

/* Begin PBXGroup section */
		CF0317341E6E7C770097F025 = {
			isa = PBXGroup;
			children = (
				CF03173F1E6E7C780097F025 /* UITableView键盘滚动 */,
				CF03173E1E6E7C780097F025 /* Products */,
			);
			sourceTree = "<group>";
		};
		CF03173E1E6E7C780097F025 /* Products */ = {
			isa = PBXGroup;
			children = (
				CF03173D1E6E7C780097F025 /* UITableView键盘滚动.app */,
			);
			name = Products;
			sourceTree = "<group>";
		};
		CF03173F1E6E7C780097F025 /* UITableView键盘滚动 */ = {
			isa = PBXGroup;
			children = (
				CF0317431E6E7C780097F025 /* AppDelegate.h */,
				CF0317441E6E7C780097F025 /* AppDelegate.m */,
				CF0317461E6E7C780097F025 /* ViewController.h */,
				CF0317471E6E7C780097F025 /* ViewController.m */,
				CF0317491E6E7C790097F025 /* Main.storyboard */,
				CF03174C1E6E7C790097F025 /* Assets.xcassets */,
				CF03174E1E6E7C790097F025 /* LaunchScreen.storyboard */,
				CF0317511E6E7C790097F025 /* Info.plist */,
				CF0317401E6E7C780097F025 /* Supporting Files */,
				CF0317571E6E7D3B0097F025 /* DDTableViewCell.h */,
				CF0317581E6E7D3B0097F025 /* DDTableViewCell.m */,
				CF0317591E6E7D3B0097F025 /* DDTableViewCell.xib */,
			);
			path = "UITableView键盘滚动";
			sourceTree = "<group>";
		};
		CF0317401E6E7C780097F025 /* Supporting Files */ = {
			isa = PBXGroup;
			children = (
				CF0317411E6E7C780097F025 /* main.m */,
			);
			name = "Supporting Files";
			sourceTree = "<group>";
		};
/* End PBXGroup section */

/* Begin PBXNativeTarget section */
		CF03173C1E6E7C770097F025 /* UITableView键盘滚动 */ = {
			isa = PBXNativeTarget;
			buildConfigurationList = CF0317541E6E7C790097F025 /* Build configuration list for PBXNativeTarget "UITableView键盘滚动" */;
			buildPhases = (
				CF0317391E6E7C770097F025 /* Sources */,
				CF03173A1E6E7C770097F025 /* Frameworks */,
				CF03173B1E6E7C770097F025 /* Resources */,
			);
			buildRules = (
			);
			dependencies = (
			);
			name = "UITableView键盘滚动";
			productName = "UITableView键盘滚动";
			productReference = CF03173D1E6E7C780097F025 /* UITableView键盘滚动.app */;
			productType = "com.apple.product-type.application";
		};
/* End PBXNativeTarget section */

/* Begin PBXProject section */
		CF0317351E6E7C770097F025 /* Project object */ = {
			isa = PBXProject;
			attributes = {
				LastUpgradeCheck = 0820;
				ORGANIZATIONNAME = DDKJ;
				TargetAttributes = {
					CF03173C1E6E7C770097F025 = {
						CreatedOnToolsVersion = 8.2.1;
						DevelopmentTeam = 8R3D5ADB82;
						ProvisioningStyle = Automatic;
					};
				};
			};
			buildConfigurationList = CF0317381E6E7C770097F025 /* Build configuration list for PBXProject "UITableView键盘滚动" */;
			compatibilityVersion = "Xcode 3.2";
			developmentRegion = English;
			hasScannedForEncodings = 0;
			knownRegions = (
				en,
				Base,
			);
			mainGroup = CF0317341E6E7C770097F025;
			productRefGroup = CF03173E1E6E7C780097F025 /* Products */;
			projectDirPath = "";
			projectRoot = "";
			targets = (
				CF03173C1E6E7C770097F025 /* UITableView键盘滚动 */,
			);
		};
/* End PBXProject section */

/* Begin PBXResourcesBuildPhase section */
		CF03173B1E6E7C770097F025 /* Resources */ = {
			isa = PBXResourcesBuildPhase;
			buildActionMask = 2147483647;
			files = (
				CF0317501E6E7C790097F025 /* LaunchScreen.storyboard in Resources */,
				CF03174D1E6E7C790097F025 /* Assets.xcassets in Resources */,
				CF03174B1E6E7C790097F025 /* Main.storyboard in Resources */,
				CF03175B1E6E7D3B0097F025 /* DDTableViewCell.xib in Resources */,
			);
			runOnlyForDeploymentPostprocessing = 0;
		};
/* End PBXResourcesBuildPhase section */

/* Begin PBXSourcesBuildPhase section */
		CF0317391E6E7C770097F025 /* Sources */ = {
			isa = PBXSourcesBuildPhase;
			buildActionMask = 2147483647;
			files = (
				CF0317481E6E7C780097F025 /* ViewController.m in Sources */,
				CF0317451E6E7C780097F025 /* AppDelegate.m in Sources */,
				CF0317421E6E7C780097F025 /* main.m in Sources */,
				CF03175A1E6E7D3B0097F025 /* DDTableViewCell.m in Sources */,
			);
			runOnlyForDeploymentPostprocessing = 0;
		};
/* End PBXSourcesBuildPhase section */

/* Begin PBXVariantGroup section */
		CF0317491E6E7C790097F025 /* Main.storyboard */ = {
			isa = PBXVariantGroup;
			children = (
				CF03174A1E6E7C790097F025 /* Base */,
			);
			name = Main.storyboard;
			sourceTree = "<group>";
		};
		CF03174E1E6E7C790097F025 /* LaunchScreen.storyboard */ = {
			isa = PBXVariantGroup;
			children = (
				CF03174F1E6E7C790097F025 /* Base */,
			);
			name = LaunchScreen.storyboard;
			sourceTree = "<group>";
		};
/* End PBXVariantGroup section */

/* Begin XCBuildConfiguration section */
		CF0317521E6E7C790097F025 /* Debug */ = {
			isa = XCBuildConfiguration;
			buildSettings = {
				ALWAYS_SEARCH_USER_PATHS = NO;
				CLANG_ANALYZER_NONNULL = YES;
				CLANG_CXX_LANGUAGE_STANDARD = "gnu++0x";
				CLANG_CXX_LIBRARY = "libc++";
				CLANG_ENABLE_MODULES = YES;
				CLANG_ENABLE_OBJC_ARC = YES;
				CLANG_WARN_BOOL_CONVERSION = YES;
				CLANG_WARN_CONSTANT_CONVERSION = YES;
				CLANG_WARN_DIRECT_OBJC_ISA_USAGE = YES_ERROR;
				CLANG_WARN_DOCUMENTATION_COMMENTS = YES;
				CLANG_WARN_EMPTY_BODY = YES;
				CLANG_WARN_ENUM_CONVERSION = YES;
				CLANG_WARN_INFINITE_RECURSION = YES;
				CLANG_WARN_INT_CONVERSION = YES;
				CLANG_WARN_OBJC_ROOT_CLASS = YES_ERROR;
				CLANG_WARN_SUSPICIOUS_MOVE = YES;
				CLANG_WARN_UNREACHABLE_CODE = YES;
				CLANG_WARN__DUPLICATE_METHOD_MATCH = YES;
				"CODE_SIGN_IDENTITY[sdk=iphoneos*]" = "iPhone Developer";
				COPY_PHASE_STRIP = NO;
				DEBUG_INFORMATION_FORMAT = dwarf;
				ENABLE_STRICT_OBJC_MSGSEND = YES;
				ENABLE_TESTABILITY = YES;
				GCC_C_LANGUAGE_STANDARD = gnu99;
				GCC_DYNAMIC_NO_PIC = NO;
				GCC_NO_COMMON_BLOCKS = YES;
				GCC_OPTIMIZATION_LEVEL = 0;
				GCC_PREPROCESSOR_DEFINITIONS = (
					"DEBUG=1",
					"$(inherited)",
				);
				GCC_WARN_64_TO_32_BIT_CONVERSION = YES;
				GCC_WARN_ABOUT_RETURN_TYPE = YES_ERROR;
				GCC_WARN_UNDECLARED_SELECTOR = YES;
				GCC_WARN_UNINITIALIZED_AUTOS = YES_AGGRESSIVE;
				GCC_WARN_UNUSED_FUNCTION = YES;
				GCC_WARN_UNUSED_VARIABLE = YES;
				IPHONEOS_DEPLOYMENT_TARGET = 10.2;
				MTL_ENABLE_DEBUG_INFO = YES;
				ONLY_ACTIVE_ARCH = YES;
				SDKROOT = iphoneos;
			};
			name = Debug;
		};
		CF0317531E6E7C790097F025 /* Release */ = {
			isa = XCBuildConfiguration;
			buildSettings = {
				ALWAYS_SEARCH_USER_PATHS = NO;
				CLANG_ANALYZER_NONNULL = YES;
				CLANG_CXX_LANGUAGE_STANDARD = "gnu++0x";
				CLANG_CXX_LIBRARY = "libc++";
				CLANG_ENABLE_MODULES = YES;
				CLANG_ENABLE_OBJC_ARC = YES;
				CLANG_WARN_BOOL_CONVERSION = YES;
				CLANG_WARN_CONSTANT_CONVERSION = YES;
				CLANG_WARN_DIRECT_OBJC_ISA_USAGE = YES_ERROR;
				CLANG_WARN_DOCUMENTATION_COMMENTS = YES;
				CLANG_WARN_EMPTY_BODY = YES;
				CLANG_WARN_ENUM_CONVERSION = YES;
				CLANG_WARN_INFINITE_RECURSION = YES;
				CLANG_WARN_INT_CONVERSION = YES;
				CLANG_WARN_OBJC_ROOT_CLASS = YES_ERROR;
				CLANG_WARN_SUSPICIOUS_MOVE = YES;
				CLANG_WARN_UNREACHABLE_CODE = YES;
				CLANG_WARN__DUPLICATE_METHOD_MATCH = YES;
				"CODE_SIGN_IDENTITY[sdk=iphoneos*]" = "iPhone Developer";
				COPY_PHASE_STRIP = NO;
				DEBUG_INFORMATION_FORMAT = "dwarf-with-dsym";
				ENABLE_NS_ASSERTIONS = NO;
				ENABLE_STRICT_OBJC_MSGSEND = YES;
				GCC_C_LANGUAGE_STANDARD = gnu99;
				GCC_NO_COMMON_BLOCKS = YES;
				GCC_WARN_64_TO_32_BIT_CONVERSION = YES;
				GCC_WARN_ABOUT_RETURN_TYPE = YES_ERROR;
				GCC_WARN_UNDECLARED_SELECTOR = YES;
				GCC_WARN_UNINITIALIZED_AUTOS = YES_AGGRESSIVE;
				GCC_WARN_UNUSED_FUNCTION = YES;
				GCC_WARN_UNUSED_VARIABLE = YES;
				IPHONEOS_DEPLOYMENT_TARGET = 10.2;
				MTL_ENABLE_DEBUG_INFO = NO;
				SDKROOT = iphoneos;
				VALIDATE_PRODUCT = YES;
			};
			name = Release;
		};
		CF0317551E6E7C790097F025 /* Debug */ = {
			isa = XCBuildConfiguration;
			buildSettings = {
				ASSETCATALOG_COMPILER_APPICON_NAME = AppIcon;
				DEVELOPMENT_TEAM = 8R3D5ADB82;
				INFOPLIST_FILE = "UITableView键盘滚动/Info.plist";
				IPHONEOS_DEPLOYMENT_TARGET = 9.0;
				LD_RUNPATH_SEARCH_PATHS = "$(inherited) @executable_path/Frameworks";
				PRODUCT_BUNDLE_IDENTIFIER = "com.dongdongkeji.UITableView----";
				PRODUCT_NAME = "$(TARGET_NAME)";
			};
			name = Debug;
		};
		CF0317561E6E7C790097F025 /* Release */ = {
			isa = XCBuildConfiguration;
			buildSettings = {
				ASSETCATALOG_COMPILER_APPICON_NAME = AppIcon;
				DEVELOPMENT_TEAM = 8R3D5ADB82;
				INFOPLIST_FILE = "UITableView键盘滚动/Info.plist";
				IPHONEOS_DEPLOYMENT_TARGET = 9.0;
				LD_RUNPATH_SEARCH_PATHS = "$(inherited) @executable_path/Frameworks";
				PRODUCT_BUNDLE_IDENTIFIER = "com.dongdongkeji.UITableView----";
				PRODUCT_NAME = "$(TARGET_NAME)";
			};
			name = Release;
		};
/* End XCBuildConfiguration section */

/* Begin XCConfigurationList section */
		CF0317381E6E7C770097F025 /* Build configuration list for PBXProject "UITableView键盘滚动" */ = {
			isa = XCConfigurationList;
			buildConfigurations = (
				CF0317521E6E7C790097F025 /* Debug */,
				CF0317531E6E7C790097F025 /* Release */,
			);
			defaultConfigurationIsVisible = 0;
			defaultConfigurationName = Release;
		};
		CF0317541E6E7C790097F025 /* Build configuration list for PBXNativeTarget "UITableView键盘滚动" */ = {
			isa = XCConfigurationList;
			buildConfigurations = (
				CF0317551E6E7C790097F025 /* Debug */,
				CF0317561E6E7C790097F025 /* Release */,
			);
			defaultConfigurationIsVisible = 0;
			defaultConfigurationName = Release;
		};
/* End XCConfigurationList section */
	};
	rootObject = CF0317351E6E7C770097F025 /* Project object */;
}
